github.com/midbel/cli v0.4.5 h1:95y85nR4dWEVpQiTYvkPJm5JJADjKVH0T9ae+gT5g/U=
github.com/midbel/cli v0.4.5/go.mod h1:lzjqhlqDL3+N46zWuBGPdA8W85Pq8oJSbn1S7dQV8dI=
github.com/midbel/distance v0.1.2 h1:+Uoze5/AagC/usXHWfi3JQ5IWrq2KbzZyc8nJlHOJGA=
github.com/midbel/distance v0.1.2/go.mod h1:XiAeb7yJ5fEUgFn9nm/6sa77UEVK3UtDxW+mPSApljI=
