github.com/midbel/cli v0.4.2 h1:pQNrZYq0OjBoec17ML4YxmXMmvK2lREj0853VddA3E8=
github.com/midbel/cli v0.4.2/go.mod h1:X4Np/w6TSQUoTt1eUom0GOeasASIXCGPoy8O5sgsRzo=
github.com/midbel/distance v0.1.1 h1:3l2zrYAQ4Q+s+wJFtG/Bow75e487S5chM/nFCwshnic=
github.com/midbel/distance v0.1.1/go.mod h1:HhnNVr4IVXXDr7Xfp+38z+nPWNpo1EjOnX4qfLQHl08=
